
Microsoft Visual Studio Solution File, Format Version 12.00
# Visual Studio Version 17
VisualStudioVersion = 17.3.32929.385
MinimumVisualStudioVersion = 10.0.40219.1
Project("{9A19103F-16F7-4668-BE54-9A1E7A4F7556}") = "WsApiexamen", "WsApiexamen\WsApiexamen.csproj", "{963530B3-BA5C-48E5-B3E7-CFF37BB45ABE}"
EndProject
Project("{FAE04EC0-301F-11D3-BF4B-00C04F79EFBC}") = "ApiExamen", "ApiExamen\ApiExamen.csproj", "{88BD41F3-B014-4734-86BD-138201C0873E}"
EndProject
Project("{FAE04EC0-301F-11D3-BF4B-00C04F79EFBC}") = "ClientExamen", "ClientExamen\ClientExamen.csproj", "{B481E761-C0AF-448F-B58C-F9FD2BE572C1}"
EndProject
Global
	GlobalSection(SolutionConfigurationPlatforms) = preSolution
		Debug|Any CPU = Debug|Any CPU
		Release|Any CPU = Release|Any CPU
	EndGlobalSection
	GlobalSection(ProjectConfigurationPlatforms) = postSolution
		{963530B3-BA5C-48E5-B3E7-CFF37BB45ABE}.Debug|Any CPU.ActiveCfg = Debug|Any CPU
		{963530B3-BA5C-48E5-B3E7-CFF37BB45ABE}.Debug|Any CPU.Build.0 = Debug|Any CPU
		{963530B3-BA5C-48E5-B3E7-CFF37BB45ABE}.Release|Any CPU.ActiveCfg = Release|Any CPU
		{963530B3-BA5C-48E5-B3E7-CFF37BB45ABE}.Release|Any CPU.Build.0 = Release|Any CPU
		{88BD41F3-B014-4734-86BD-138201C0873E}.Debug|Any CPU.ActiveCfg = Debug|Any CPU
		{88BD41F3-B014-4734-86BD-138201C0873E}.Debug|Any CPU.Build.0 = Debug|Any CPU
		{88BD41F3-B014-4734-86BD-138201C0873E}.Release|Any CPU.ActiveCfg = Release|Any CPU
		{88BD41F3-B014-4734-86BD-138201C0873E}.Release|Any CPU.Build.0 = Release|Any CPU
		{B481E761-C0AF-448F-B58C-F9FD2BE572C1}.Debug|Any CPU.ActiveCfg = Debug|Any CPU
		{B481E761-C0AF-448F-B58C-F9FD2BE572C1}.Debug|Any CPU.Build.0 = Debug|Any CPU
		{B481E761-C0AF-448F-B58C-F9FD2BE572C1}.Release|Any CPU.ActiveCfg = Release|Any CPU
		{B481E761-C0AF-448F-B58C-F9FD2BE572C1}.Release|Any CPU.Build.0 = Release|Any CPU
	EndGlobalSection
	GlobalSection(SolutionProperties) = preSolution
		HideSolutionNode = FALSE
	EndGlobalSection
	GlobalSection(ExtensibilityGlobals) = postSolution
		SolutionGuid = {4CF26CF8-138F-4092-9400-EA066B6F0FF6}
	EndGlobalSection
EndGlobal
